{
  "version": 4,
  "terraform_version": "1.2.8",
  "serial": 3,
  "lineage": "0af91937-fdfc-3060-5eed-287deb20dc44",
  "outputs": {},
  "resources": [
    {
      "mode": "managed",
      "type": "aws_vpc",
      "name": "Myvpc",
      "provider": "provider[\"registry.terraform.io/hashicorp/aws\"]",
      "instances": [
        {
          "schema_version": 1,
          "attributes": {
            "arn": "arn:aws:ec2:us-east-1:522842584694:vpc/vpc-0ba4b4484eb31379d",
            "assign_generated_ipv6_cidr_block": false,
            "cidr_block": "10.0.0.0/16",
            "default_network_acl_id": "acl-0cdd87b1e26c8e180",
            "default_route_table_id": "rtb-09b549d50b8e88c77",
            "default_security_group_id": "sg-0eaab4831c7defdce",
            "dhcp_options_id": "dopt-0ccd4991c18d14cc2",
            "enable_classiclink": false,
            "enable_classiclink_dns_support": false,
            "enable_dns_hostnames": false,
            "enable_dns_support": true,
            "id": "vpc-0ba4b4484eb31379d",
            "instance_tenancy": "default",
            "ipv4_ipam_pool_id": null,
            "ipv4_netmask_length": null,
            "ipv6_association_id": "",
            "ipv6_cidr_block": "",
            "ipv6_cidr_block_network_border_group": "",
            "ipv6_ipam_pool_id": "",
            "ipv6_netmask_length": 0,
            "main_route_table_id": "rtb-09b549d50b8e88c77",
            "owner_id": "522842584694",
            "tags": {
              "Name": "Myvpc"
            },
            "tags_all": {
              "Name": "Myvpc"
            }
          },
          "sensitive_attributes": [],
          "private": "eyJzY2hlbWFfdmVyc2lvbiI6IjEifQ=="
        }
      ]
    }
  ]
}
